{
  "name": "cordova-plugin-google-firebase",
  "version": "0.9.2",
  "lockfileVersion": 1,
  "requires": true,
  "dependencies": {
    "base64-js": {
      "version": "1.1.2",
      "resolved": "https://registry.npmjs.org/base64-js/-/base64-js-1.1.2.tgz",
      "integrity": "sha1-1kAMrBxMZgl22Q0HoENR2JOV9eg="
    },
    "big-integer": {
      "version": "1.6.38",
      "resolved": "https://registry.npmjs.org/big-integer/-/big-integer-1.6.38.tgz",
      "integrity": "sha512-csPPkI8MBCIoFAs2D7RoX9Bn5jrHwvQ/6CMfdRzwkB5cmpw74zb6Lbc/VbT9xCWrkgdwJDxw/uLIvXGch74Lhg=="
    },
    "bplist-creator": {
      "version": "0.0.7",
      "resolved": "https://registry.npmjs.org/bplist-creator/-/bplist-creator-0.0.7.tgz",
      "integrity": "sha1-N98VNgkoJLh8QvlXsBNEEXNyrkU=",
      "requires": {
        "stream-buffers": "~2.2.0"
      }
    },
    "bplist-parser": {
      "version": "0.1.1",
      "resolved": "https://registry.npmjs.org/bplist-parser/-/bplist-parser-0.1.1.tgz",
      "integrity": "sha1-1g1dzCDLptx+HymbNdPh+V2vuuY=",
      "requires": {
        "big-integer": "^1.6.7"
      }
    },
    "fs-extra": {
      "version": "7.0.1",
      "resolved": "https://registry.npmjs.org/fs-extra/-/fs-extra-7.0.1.tgz",
      "integrity": "sha512-YJDaCJZEnBmcbw13fvdAM9AwNOJwOzrE4pqMqBq5nFiEqXUqHwlK4B+3pUw6JNvfSPtX05xFHtYy/1ni01eGCw==",
      "requires": {
        "graceful-fs": "^4.1.2",
        "jsonfile": "^4.0.0",
        "universalify": "^0.1.0"
      }
    },
    "graceful-fs": {
      "version": "4.1.15",
      "resolved": "https://registry.npmjs.org/graceful-fs/-/graceful-fs-4.1.15.tgz",
      "integrity": "sha512-6uHUhOPEBgQ24HM+r6b/QwWfZq+yiFcipKFrOFiBEnWdy5sdzYoi+pJeQaPI5qOLRFqWmAXUPQNsielzdLoecA=="
    },
    "jsonfile": {
      "version": "4.0.0",
      "resolved": "https://registry.npmjs.org/jsonfile/-/jsonfile-4.0.0.tgz",
      "integrity": "sha1-h3Gq4HmbZAdrdmQPygWPnBDjPss=",
      "requires": {
        "graceful-fs": "^4.1.6"
      }
    },
    "pegjs": {
      "version": "0.10.0",
      "resolved": "http://registry.npmjs.org/pegjs/-/pegjs-0.10.0.tgz",
      "integrity": "sha1-z4uvrm7d/0tafvsYUmnqr0YQ3b0="
    },
    "plist": {
      "version": "2.0.1",
      "resolved": "https://registry.npmjs.org/plist/-/plist-2.0.1.tgz",
      "integrity": "sha1-CjLKlIGxw2TpLhjcVch23p0B2os=",
      "requires": {
        "base64-js": "1.1.2",
        "xmlbuilder": "8.2.2",
        "xmldom": "0.1.x"
      }
    },
    "sax": {
      "version": "1.2.4",
      "resolved": "https://registry.npmjs.org/sax/-/sax-1.2.4.tgz",
      "integrity": "sha512-NqVDv9TpANUjFm0N8uM5GxL36UgKi9/atZw+x7YFnQ8ckwFGKrl4xX4yWtrey3UJm5nP1kUbnYgLopqWNSRhWw=="
    },
    "simple-plist": {
      "version": "0.2.1",
      "resolved": "https://registry.npmjs.org/simple-plist/-/simple-plist-0.2.1.tgz",
      "integrity": "sha1-cXZts1IyaSjPOoByQrp2IyJjZyM=",
      "requires": {
        "bplist-creator": "0.0.7",
        "bplist-parser": "0.1.1",
        "plist": "2.0.1"
      }
    },
    "stream-buffers": {
      "version": "2.2.0",
      "resolved": "https://registry.npmjs.org/stream-buffers/-/stream-buffers-2.2.0.tgz",
      "integrity": "sha1-kdX1Ew0c75bc+n9yaUUYh0HQnuQ="
    },
    "universalify": {
      "version": "0.1.2",
      "resolved": "https://registry.npmjs.org/universalify/-/universalify-0.1.2.tgz",
      "integrity": "sha512-rBJeI5CXAlmy1pV+617WB9J63U6XcazHHF2f2dbJix4XzpUF0RS3Zbj0FGIOCAva5P/d/GBOYaACQ1w+0azUkg=="
    },
    "uuid": {
      "version": "3.0.1",
      "resolved": "http://registry.npmjs.org/uuid/-/uuid-3.0.1.tgz",
      "integrity": "sha1-ZUS7ot/ajBzxfmKaOjBeK7H+5sE="
    },
    "xcode": {
      "version": "1.0.0",
      "resolved": "https://registry.npmjs.org/xcode/-/xcode-1.0.0.tgz",
      "integrity": "sha1-4fWxRDJF3tOMGAeW3xoQ/e2ghOw=",
      "requires": {
        "pegjs": "^0.10.0",
        "simple-plist": "^0.2.1",
        "uuid": "3.0.1"
      }
    },
    "xml-js": {
      "version": "1.6.8",
      "resolved": "https://registry.npmjs.org/xml-js/-/xml-js-1.6.8.tgz",
      "integrity": "sha512-kUv/geyN80d+s1T68uBfjoz+PjNUjwwf5AWWRwKRqqQaGozpMVsFsKYnenPsxlbN/VL7f0ia8NfLLPCDwX+95Q==",
      "requires": {
        "sax": "^1.2.4"
      }
    },
    "xmlbuilder": {
      "version": "8.2.2",
      "resolved": "http://registry.npmjs.org/xmlbuilder/-/xmlbuilder-8.2.2.tgz",
      "integrity": "sha1-aSSGc0ELS6QuGmE2VR0pIjNap3M="
    },
    "xmldom": {
      "version": "0.1.27",
      "resolved": "https://registry.npmjs.org/xmldom/-/xmldom-0.1.27.tgz",
      "integrity": "sha1-1QH5ezvbQDr4757MIFcxh6rawOk="
    }
  }
}
